
Microsoft Visual Studio Solution File, Format Version 12.00
Project("{FAE04EC0-301F-11D3-BF4B-00C04F79EFBC}") = "SerilogSinks.Website", "SerilogSinks.Website\SerilogSinks.Website.csproj", "{719EE013-33EC-44CB-8D26-F3E8E7D96F1A}"
EndProject
Global
	GlobalSection(SolutionConfigurationPlatforms) = preSolution
		Debug|Any CPU = Debug|Any CPU
		Release|Any CPU = Release|Any CPU
	EndGlobalSection
	GlobalSection(ProjectConfigurationPlatforms) = postSolution
		{719EE013-33EC-44CB-8D26-F3E8E7D96F1A}.Debug|Any CPU.ActiveCfg = Debug|Any CPU
		{719EE013-33EC-44CB-8D26-F3E8E7D96F1A}.Debug|Any CPU.Build.0 = Debug|Any CPU
		{719EE013-33EC-44CB-8D26-F3E8E7D96F1A}.Release|Any CPU.ActiveCfg = Release|Any CPU
		{719EE013-33EC-44CB-8D26-F3E8E7D96F1A}.Release|Any CPU.Build.0 = Release|Any CPU
	EndGlobalSection
EndGlobal
